
Microsoft Visual Studio Solution File, Format Version 12.00
# Visual Studio 15
VisualStudioVersion = 15.0.33403.129
MinimumVisualStudioVersion = 10.0.40219.1
Project("{FAE04EC0-301F-11D3-BF4B-00C04F79EFBC}") = "practico1", "practico1\practico1.csproj", "{EA9321BC-E7B8-4514-A821-FAE341DB5D3B}"
EndProject
Global
	GlobalSection(SolutionConfigurationPlatforms) = preSolution
		Debug|Any CPU = Debug|Any CPU
		Release|Any CPU = Release|Any CPU
	EndGlobalSection
	GlobalSection(ProjectConfigurationPlatforms) = postSolution
		{EA9321BC-E7B8-4514-A821-FAE341DB5D3B}.Debug|Any CPU.ActiveCfg = Debug|Any CPU
		{EA9321BC-E7B8-4514-A821-FAE341DB5D3B}.Debug|Any CPU.Build.0 = Debug|Any CPU
		{EA9321BC-E7B8-4514-A821-FAE341DB5D3B}.Release|Any CPU.ActiveCfg = Release|Any CPU
		{EA9321BC-E7B8-4514-A821-FAE341DB5D3B}.Release|Any CPU.Build.0 = Release|Any CPU
	EndGlobalSection
	GlobalSection(SolutionProperties) = preSolution
		HideSolutionNode = FALSE
	EndGlobalSection
	GlobalSection(ExtensibilityGlobals) = postSolution
		SolutionGuid = {9D7D8DC2-FA45-4F9A-BE56-25D496C1C259}
	EndGlobalSection
EndGlobal
