
Microsoft Visual Studio Solution File, Format Version 12.00
# Visual Studio 15
VisualStudioVersion = 15.0.33403.129
MinimumVisualStudioVersion = 10.0.40219.1
Project("{FAE04EC0-301F-11D3-BF4B-00C04F79EFBC}") = "TP6", "TP6\TP6.csproj", "{1D93A406-2FAF-44A7-9ACF-DA8B428BC6F8}"
EndProject
Global
	GlobalSection(SolutionConfigurationPlatforms) = preSolution
		Debug|Any CPU = Debug|Any CPU
		Release|Any CPU = Release|Any CPU
	EndGlobalSection
	GlobalSection(ProjectConfigurationPlatforms) = postSolution
		{1D93A406-2FAF-44A7-9ACF-DA8B428BC6F8}.Debug|Any CPU.ActiveCfg = Debug|Any CPU
		{1D93A406-2FAF-44A7-9ACF-DA8B428BC6F8}.Debug|Any CPU.Build.0 = Debug|Any CPU
		{1D93A406-2FAF-44A7-9ACF-DA8B428BC6F8}.Release|Any CPU.ActiveCfg = Release|Any CPU
		{1D93A406-2FAF-44A7-9ACF-DA8B428BC6F8}.Release|Any CPU.Build.0 = Release|Any CPU
	EndGlobalSection
	GlobalSection(SolutionProperties) = preSolution
		HideSolutionNode = FALSE
	EndGlobalSection
	GlobalSection(ExtensibilityGlobals) = postSolution
		SolutionGuid = {80CBE8CA-DC27-4F1D-86A3-D3C8FD2DCE65}
	EndGlobalSection
EndGlobal
